// !$*UTF8*$!
{
	archiveVersion = 1;
	classes = {
	};
	objectVersion = 46;
	objects = {

/* Begin PBXBuildFile section */
		4C7AF6CB1DAFF2B30042BB2E /* Constants.swift in Sources */ = {isa = PBXBuildFile; fileRef = 4C7AF6CA1DAFF2B30042BB2E /* Constants.swift */; };
		4C9C54881DD4161200768F00 /* CircleObject.swift in Sources */ = {isa = PBXBuildFile; fileRef = 4C9C54871DD4161200768F00 /* CircleObject.swift */; };
		4C9C548A1DD4285400768F00 /* ObjectOnCanvas.swift in Sources */ = {isa = PBXBuildFile; fileRef = 4C9C54891DD4285400768F00 /* ObjectOnCanvas.swift */; };
		4C9C548C1DD42DDC00768F00 /* RectObject.swift in Sources */ = {isa = PBXBuildFile; fileRef = 4C9C548B1DD42DDC00768F00 /* RectObject.swift */; };
		4C9C548E1DD4365A00768F00 /* EquicruralTraingleObject.swift in Sources */ = {isa = PBXBuildFile; fileRef = 4C9C548D1DD4365A00768F00 /* EquicruralTraingleObject.swift */; };
		4C9C54901DD4391D00768F00 /* LeftRightTriangle.swift in Sources */ = {isa = PBXBuildFile; fileRef = 4C9C548F1DD4391D00768F00 /* LeftRightTriangle.swift */; };
		4C9C54921DD4393000768F00 /* RightRightTriangle.swift in Sources */ = {isa = PBXBuildFile; fileRef = 4C9C54911DD4393000768F00 /* RightRightTriangle.swift */; };
		4C9C54941DD439DA00768F00 /* ArrowObject.swift in Sources */ = {isa = PBXBuildFile; fileRef = 4C9C54931DD439DA00768F00 /* ArrowObject.swift */; };
		4C9C54981DD43E5300768F00 /* TrapezoidObject.swift in Sources */ = {isa = PBXBuildFile; fileRef = 4C9C54971DD43E5300768F00 /* TrapezoidObject.swift */; };
		4C9C549A1DD4DF7400768F00 /* StarObject.swift in Sources */ = {isa = PBXBuildFile; fileRef = 4C9C54991DD4DF7400768F00 /* StarObject.swift */; };
		4CC2778C1DB0096700B31604 /* EditRotationViewController.swift in Sources */ = {isa = PBXBuildFile; fileRef = 4CC2778B1DB0096700B31604 /* EditRotationViewController.swift */; };
		4CE5CC261DD4F7C200299619 /* ParallelogramObject.swift in Sources */ = {isa = PBXBuildFile; fileRef = 4CE5CC251DD4F7C200299619 /* ParallelogramObject.swift */; };
		4CE5CC281DD4FC1300299619 /* HexagonObject.swift in Sources */ = {isa = PBXBuildFile; fileRef = 4CE5CC271DD4FC1300299619 /* HexagonObject.swift */; };
		4CE5CC2A1DD4FE6500299619 /* CrossObject.swift in Sources */ = {isa = PBXBuildFile; fileRef = 4CE5CC291DD4FE6500299619 /* CrossObject.swift */; };
		4CE5CC2C1DD5017A00299619 /* HeartObject.swift in Sources */ = {isa = PBXBuildFile; fileRef = 4CE5CC2B1DD5017A00299619 /* HeartObject.swift */; };
		4CE5CC2E1DD5077C00299619 /* UIBezierPath+.swift in Sources */ = {isa = PBXBuildFile; fileRef = 4CE5CC2D1DD5077C00299619 /* UIBezierPath+.swift */; };
		4CE5CC311DD5584300299619 /* CloudObject.swift in Sources */ = {isa = PBXBuildFile; fileRef = 4CE5CC301DD5584300299619 /* CloudObject.swift */; };
		4CE5CC331DD55A3B00299619 /* LightningObject.swift in Sources */ = {isa = PBXBuildFile; fileRef = 4CE5CC321DD55A3B00299619 /* LightningObject.swift */; };
		4CE5CC351DD55B2300299619 /* CameraObject.swift in Sources */ = {isa = PBXBuildFile; fileRef = 4CE5CC341DD55B2300299619 /* CameraObject.swift */; };
		4CE5CC371DD55BD800299619 /* PhoneObject.swift in Sources */ = {isa = PBXBuildFile; fileRef = 4CE5CC361DD55BD800299619 /* PhoneObject.swift */; };
		4CE5CC391DD55C7600299619 /* WrenchObject.swift in Sources */ = {isa = PBXBuildFile; fileRef = 4CE5CC381DD55C7600299619 /* WrenchObject.swift */; };
		4CE5CC3B1DD55D5600299619 /* HouseObject.swift in Sources */ = {isa = PBXBuildFile; fileRef = 4CE5CC3A1DD55D5600299619 /* HouseObject.swift */; };
		4CE5CC3D1DD55F4D00299619 /* Smileobject.swift in Sources */ = {isa = PBXBuildFile; fileRef = 4CE5CC3C1DD55F4D00299619 /* Smileobject.swift */; };
		4CE5CC3F1DD570EB00299619 /* SunObject.swift in Sources */ = {isa = PBXBuildFile; fileRef = 4CE5CC3E1DD570EB00299619 /* SunObject.swift */; };
		4CE5CC411DD572ED00299619 /* PlaneObject.swift in Sources */ = {isa = PBXBuildFile; fileRef = 4CE5CC401DD572ED00299619 /* PlaneObject.swift */; };
		4CE5CC431DD575EF00299619 /* VehicleObject.swift in Sources */ = {isa = PBXBuildFile; fileRef = 4CE5CC421DD575EF00299619 /* VehicleObject.swift */; };
		4CE5CC451DD57D0000299619 /* extensions.swift in Sources */ = {isa = PBXBuildFile; fileRef = 4CE5CC441DD57D0000299619 /* extensions.swift */; };
		4CE5CC471DD69CDC00299619 /* PlaneObjectDetailViewController.swift in Sources */ = {isa = PBXBuildFile; fileRef = 4CE5CC461DD69CDC00299619 /* PlaneObjectDetailViewController.swift */; };
		D47F40691DB33C4A003BE8EF /* ViewController.swift in Sources */ = {isa = PBXBuildFile; fileRef = D47F40681DB33C4A003BE8EF /* ViewController.swift */; };
		FE1B9DC81D9C3DAF00CA90DB /* AppDelegate.swift in Sources */ = {isa = PBXBuildFile; fileRef = FE1B9DC71D9C3DAF00CA90DB /* AppDelegate.swift */; };
		FE1B9DCD1D9C3DAF00CA90DB /* Main.storyboard in Resources */ = {isa = PBXBuildFile; fileRef = FE1B9DCB1D9C3DAF00CA90DB /* Main.storyboard */; };
		FE1B9DCF1D9C3DAF00CA90DB /* Assets.xcassets in Resources */ = {isa = PBXBuildFile; fileRef = FE1B9DCE1D9C3DAF00CA90DB /* Assets.xcassets */; };
		FE1B9DD21D9C3DAF00CA90DB /* LaunchScreen.storyboard in Resources */ = {isa = PBXBuildFile; fileRef = FE1B9DD01D9C3DAF00CA90DB /* LaunchScreen.storyboard */; };
		FE1B9DDD1D9C3DAF00CA90DB /* EasyDrawTests.swift in Sources */ = {isa = PBXBuildFile; fileRef = FE1B9DDC1D9C3DAF00CA90DB /* EasyDrawTests.swift */; };
/* End PBXBuildFile section */

/* Begin PBXContainerItemProxy section */
		FE1B9DD91D9C3DAF00CA90DB /* PBXContainerItemProxy */ = {
			isa = PBXContainerItemProxy;
			containerPortal = FE1B9DBC1D9C3DAF00CA90DB /* Project object */;
			proxyType = 1;
			remoteGlobalIDString = FE1B9DC31D9C3DAF00CA90DB;
			remoteInfo = EasyDraw;
		};
/* End PBXContainerItemProxy section */

/* Begin PBXFileReference section */
		4C7AF6CA1DAFF2B30042BB2E /* Constants.swift */ = {isa = PBXFileReference; fileEncoding = 4; lastKnownFileType = sourcecode.swift; path = Constants.swift; sourceTree = "<group>"; };
		4C9C54871DD4161200768F00 /* CircleObject.swift */ = {isa = PBXFileReference; fileEncoding = 4; lastKnownFileType = sourcecode.swift; path = CircleObject.swift; sourceTree = "<group>"; };
		4C9C54891DD4285400768F00 /* ObjectOnCanvas.swift */ = {isa = PBXFileReference; fileEncoding = 4; lastKnownFileType = sourcecode.swift; path = ObjectOnCanvas.swift; sourceTree = "<group>"; };
		4C9C548B1DD42DDC00768F00 /* RectObject.swift */ = {isa = PBXFileReference; fileEncoding = 4; lastKnownFileType = sourcecode.swift; path = RectObject.swift; sourceTree = "<group>"; };
		4C9C548D1DD4365A00768F00 /* EquicruralTraingleObject.swift */ = {isa = PBXFileReference; fileEncoding = 4; lastKnownFileType = sourcecode.swift; path = EquicruralTraingleObject.swift; sourceTree = "<group>"; };
		4C9C548F1DD4391D00768F00 /* LeftRightTriangle.swift */ = {isa = PBXFileReference; fileEncoding = 4; lastKnownFileType = sourcecode.swift; path = LeftRightTriangle.swift; sourceTree = "<group>"; };
		4C9C54911DD4393000768F00 /* RightRightTriangle.swift */ = {isa = PBXFileReference; fileEncoding = 4; lastKnownFileType = sourcecode.swift; path = RightRightTriangle.swift; sourceTree = "<group>"; };
		4C9C54931DD439DA00768F00 /* ArrowObject.swift */ = {isa = PBXFileReference; fileEncoding = 4; lastKnownFileType = sourcecode.swift; path = ArrowObject.swift; sourceTree = "<group>"; };
		4C9C54971DD43E5300768F00 /* TrapezoidObject.swift */ = {isa = PBXFileReference; fileEncoding = 4; lastKnownFileType = sourcecode.swift; path = TrapezoidObject.swift; sourceTree = "<group>"; };
		4C9C54991DD4DF7400768F00 /* StarObject.swift */ = {isa = PBXFileReference; fileEncoding = 4; lastKnownFileType = sourcecode.swift; path = StarObject.swift; sourceTree = "<group>"; };
		4CC2778B1DB0096700B31604 /* EditRotationViewController.swift */ = {isa = PBXFileReference; fileEncoding = 4; lastKnownFileType = sourcecode.swift; path = EditRotationViewController.swift; sourceTree = "<group>"; };
		4CE5CC251DD4F7C200299619 /* ParallelogramObject.swift */ = {isa = PBXFileReference; fileEncoding = 4; lastKnownFileType = sourcecode.swift; path = ParallelogramObject.swift; sourceTree = "<group>"; };
		4CE5CC271DD4FC1300299619 /* HexagonObject.swift */ = {isa = PBXFileReference; fileEncoding = 4; lastKnownFileType = sourcecode.swift; path = HexagonObject.swift; sourceTree = "<group>"; };
		4CE5CC291DD4FE6500299619 /* CrossObject.swift */ = {isa = PBXFileReference; fileEncoding = 4; lastKnownFileType = sourcecode.swift; path = CrossObject.swift; sourceTree = "<group>"; };
		4CE5CC2B1DD5017A00299619 /* HeartObject.swift */ = {isa = PBXFileReference; fileEncoding = 4; lastKnownFileType = sourcecode.swift; path = HeartObject.swift; sourceTree = "<group>"; };
		4CE5CC2D1DD5077C00299619 /* UIBezierPath+.swift */ = {isa = PBXFileReference; fileEncoding = 4; lastKnownFileType = sourcecode.swift; path = "UIBezierPath+.swift"; sourceTree = "<group>"; };
		4CE5CC301DD5584300299619 /* CloudObject.swift */ = {isa = PBXFileReference; fileEncoding = 4; lastKnownFileType = sourcecode.swift; path = CloudObject.swift; sourceTree = "<group>"; };
		4CE5CC321DD55A3B00299619 /* LightningObject.swift */ = {isa = PBXFileReference; fileEncoding = 4; lastKnownFileType = sourcecode.swift; path = LightningObject.swift; sourceTree = "<group>"; };
		4CE5CC341DD55B2300299619 /* CameraObject.swift */ = {isa = PBXFileReference; fileEncoding = 4; lastKnownFileType = sourcecode.swift; path = CameraObject.swift; sourceTree = "<group>"; };
		4CE5CC361DD55BD800299619 /* PhoneObject.swift */ = {isa = PBXFileReference; fileEncoding = 4; lastKnownFileType = sourcecode.swift; path = PhoneObject.swift; sourceTree = "<group>"; };
		4CE5CC381DD55C7600299619 /* WrenchObject.swift */ = {isa = PBXFileReference; fileEncoding = 4; lastKnownFileType = sourcecode.swift; path = WrenchObject.swift; sourceTree = "<group>"; };
		4CE5CC3A1DD55D5600299619 /* HouseObject.swift */ = {isa = PBXFileReference; fileEncoding = 4; lastKnownFileType = sourcecode.swift; path = HouseObject.swift; sourceTree = "<group>"; };
		4CE5CC3C1DD55F4D00299619 /* Smileobject.swift */ = {isa = PBXFileReference; fileEncoding = 4; lastKnownFileType = sourcecode.swift; path = Smileobject.swift; sourceTree = "<group>"; };
		4CE5CC3E1DD570EB00299619 /* SunObject.swift */ = {isa = PBXFileReference; fileEncoding = 4; lastKnownFileType = sourcecode.swift; path = SunObject.swift; sourceTree = "<group>"; };
		4CE5CC401DD572ED00299619 /* PlaneObject.swift */ = {isa = PBXFileReference; fileEncoding = 4; lastKnownFileType = sourcecode.swift; path = PlaneObject.swift; sourceTree = "<group>"; };
		4CE5CC421DD575EF00299619 /* VehicleObject.swift */ = {isa = PBXFileReference; fileEncoding = 4; lastKnownFileType = sourcecode.swift; path = VehicleObject.swift; sourceTree = "<group>"; };
		4CE5CC441DD57D0000299619 /* extensions.swift */ = {isa = PBXFileReference; fileEncoding = 4; lastKnownFileType = sourcecode.swift; path = extensions.swift; sourceTree = "<group>"; };
		4CE5CC461DD69CDC00299619 /* PlaneObjectDetailViewController.swift */ = {isa = PBXFileReference; fileEncoding = 4; lastKnownFileType = sourcecode.swift; path = PlaneObjectDetailViewController.swift; sourceTree = "<group>"; };
		D47F40681DB33C4A003BE8EF /* ViewController.swift */ = {isa = PBXFileReference; fileEncoding = 4; lastKnownFileType = sourcecode.swift; path = ViewController.swift; sourceTree = "<group>"; };
		FE1B9DC41D9C3DAF00CA90DB /* EasyDraw.app */ = {isa = PBXFileReference; explicitFileType = wrapper.application; includeInIndex = 0; path = EasyDraw.app; sourceTree = BUILT_PRODUCTS_DIR; };
		FE1B9DC71D9C3DAF00CA90DB /* AppDelegate.swift */ = {isa = PBXFileReference; lastKnownFileType = sourcecode.swift; path = AppDelegate.swift; sourceTree = "<group>"; };
		FE1B9DCC1D9C3DAF00CA90DB /* Base */ = {isa = PBXFileReference; lastKnownFileType = file.storyboard; name = Base; path = Base.lproj/Main.storyboard; sourceTree = "<group>"; };
		FE1B9DCE1D9C3DAF00CA90DB /* Assets.xcassets */ = {isa = PBXFileReference; lastKnownFileType = folder.assetcatalog; path = Assets.xcassets; sourceTree = "<group>"; };
		FE1B9DD11D9C3DAF00CA90DB /* Base */ = {isa = PBXFileReference; lastKnownFileType = file.storyboard; name = Base; path = Base.lproj/LaunchScreen.storyboard; sourceTree = "<group>"; };
		FE1B9DD31D9C3DAF00CA90DB /* Info.plist */ = {isa = PBXFileReference; lastKnownFileType = text.plist.xml; path = Info.plist; sourceTree = "<group>"; };
		FE1B9DD81D9C3DAF00CA90DB /* EasyDrawTests.xctest */ = {isa = PBXFileReference; explicitFileType = wrapper.cfbundle; includeInIndex = 0; path = EasyDrawTests.xctest; sourceTree = BUILT_PRODUCTS_DIR; };
		FE1B9DDC1D9C3DAF00CA90DB /* EasyDrawTests.swift */ = {isa = PBXFileReference; lastKnownFileType = sourcecode.swift; path = EasyDrawTests.swift; sourceTree = "<group>"; };
		FE1B9DDE1D9C3DAF00CA90DB /* Info.plist */ = {isa = PBXFileReference; lastKnownFileType = text.plist.xml; path = Info.plist; sourceTree = "<group>"; };
/* End PBXFileReference section */

/* Begin PBXFrameworksBuildPhase section */
		FE1B9DC11D9C3DAF00CA90DB /* Frameworks */ = {
			isa = PBXFrameworksBuildPhase;
			buildActionMask = 2147483647;
			files = (
			);
			runOnlyForDeploymentPostprocessing = 0;
		};
		FE1B9DD51D9C3DAF00CA90DB /* Frameworks */ = {
			isa = PBXFrameworksBuildPhase;
			buildActionMask = 2147483647;
			files = (
			);
			runOnlyForDeploymentPostprocessing = 0;
		};
/* End PBXFrameworksBuildPhase section */

/* Begin PBXGroup section */
		4C7AF6C51DAFEA160042BB2E /* Supporting Files */ = {
			isa = PBXGroup;
			children = (
				FE1B9DC71D9C3DAF00CA90DB /* AppDelegate.swift */,
			);
			name = "Supporting Files";
			sourceTree = "<group>";
		};
		4C9C54821DD4151900768F00 /* View */ = {
			isa = PBXGroup;
			children = (
				4C9C54871DD4161200768F00 /* CircleObject.swift */,
				4C9C54891DD4285400768F00 /* ObjectOnCanvas.swift */,
				4C9C548B1DD42DDC00768F00 /* RectObject.swift */,
				4C9C548D1DD4365A00768F00 /* EquicruralTraingleObject.swift */,
				4C9C548F1DD4391D00768F00 /* LeftRightTriangle.swift */,
				4C9C54911DD4393000768F00 /* RightRightTriangle.swift */,
				4C9C54931DD439DA00768F00 /* ArrowObject.swift */,
				4C9C54971DD43E5300768F00 /* TrapezoidObject.swift */,
				4C9C54991DD4DF7400768F00 /* StarObject.swift */,
				4CE5CC251DD4F7C200299619 /* ParallelogramObject.swift */,
				4CE5CC271DD4FC1300299619 /* HexagonObject.swift */,
				4CE5CC291DD4FE6500299619 /* CrossObject.swift */,
				4CE5CC2B1DD5017A00299619 /* HeartObject.swift */,
				4CE5CC301DD5584300299619 /* CloudObject.swift */,
				4CE5CC321DD55A3B00299619 /* LightningObject.swift */,
				4CE5CC341DD55B2300299619 /* CameraObject.swift */,
				4CE5CC361DD55BD800299619 /* PhoneObject.swift */,
				4CE5CC381DD55C7600299619 /* WrenchObject.swift */,
				4CE5CC3A1DD55D5600299619 /* HouseObject.swift */,
				4CE5CC3C1DD55F4D00299619 /* Smileobject.swift */,
				4CE5CC3E1DD570EB00299619 /* SunObject.swift */,
				4CE5CC401DD572ED00299619 /* PlaneObject.swift */,
				4CE5CC421DD575EF00299619 /* VehicleObject.swift */,
			);
			name = View;
			sourceTree = "<group>";
		};
		4C9C54831DD4151F00768F00 /* Model */ = {
			isa = PBXGroup;
			children = (
				4C7AF6CA1DAFF2B30042BB2E /* Constants.swift */,
				4CE5CC2D1DD5077C00299619 /* UIBezierPath+.swift */,
				4CE5CC441DD57D0000299619 /* extensions.swift */,
			);
			name = Model;
			sourceTree = "<group>";
		};
		4C9C54841DD4152500768F00 /* Controller */ = {
			isa = PBXGroup;
			children = (
				D47F40681DB33C4A003BE8EF /* ViewController.swift */,
				4CC2778B1DB0096700B31604 /* EditRotationViewController.swift */,
				4CE5CC461DD69CDC00299619 /* PlaneObjectDetailViewController.swift */,
			);
			name = Controller;
			sourceTree = "<group>";
		};
		FE1B9DBB1D9C3DAF00CA90DB = {
			isa = PBXGroup;
			children = (
				FE1B9DC61D9C3DAF00CA90DB /* EasyDraw */,
				FE1B9DDB1D9C3DAF00CA90DB /* EasyDrawTests */,
				FE1B9DC51D9C3DAF00CA90DB /* Products */,
			);
			sourceTree = "<group>";
		};
		FE1B9DC51D9C3DAF00CA90DB /* Products */ = {
			isa = PBXGroup;
			children = (
				FE1B9DC41D9C3DAF00CA90DB /* EasyDraw.app */,
				FE1B9DD81D9C3DAF00CA90DB /* EasyDrawTests.xctest */,
			);
			name = Products;
			sourceTree = "<group>";
		};
		FE1B9DC61D9C3DAF00CA90DB /* EasyDraw */ = {
			isa = PBXGroup;
			children = (
				4C9C54841DD4152500768F00 /* Controller */,
				4C9C54831DD4151F00768F00 /* Model */,
				4C9C54821DD4151900768F00 /* View */,
				4C7AF6C51DAFEA160042BB2E /* Supporting Files */,
				FE1B9DCB1D9C3DAF00CA90DB /* Main.storyboard */,
				FE1B9DCE1D9C3DAF00CA90DB /* Assets.xcassets */,
				FE1B9DD01D9C3DAF00CA90DB /* LaunchScreen.storyboard */,
				FE1B9DD31D9C3DAF00CA90DB /* Info.plist */,
			);
			path = EasyDraw;
			sourceTree = "<group>";
		};
		FE1B9DDB1D9C3DAF00CA90DB /* EasyDrawTests */ = {
			isa = PBXGroup;
			children = (
				FE1B9DDC1D9C3DAF00CA90DB /* EasyDrawTests.swift */,
				FE1B9DDE1D9C3DAF00CA90DB /* Info.plist */,
			);
			path = EasyDrawTests;
			sourceTree = "<group>";
		};
/* End PBXGroup section */

/* Begin PBXNativeTarget section */
		FE1B9DC31D9C3DAF00CA90DB /* EasyDraw */ = {
			isa = PBXNativeTarget;
			buildConfigurationList = FE1B9DE11D9C3DAF00CA90DB /* Build configuration list for PBXNativeTarget "EasyDraw" */;
			buildPhases = (
				FE1B9DC01D9C3DAF00CA90DB /* Sources */,
				FE1B9DC11D9C3DAF00CA90DB /* Frameworks */,
				FE1B9DC21D9C3DAF00CA90DB /* Resources */,
			);
			buildRules = (
			);
			dependencies = (
			);
			name = EasyDraw;
			productName = EasyDraw;
			productReference = FE1B9DC41D9C3DAF00CA90DB /* EasyDraw.app */;
			productType = "com.apple.product-type.application";
		};
		FE1B9DD71D9C3DAF00CA90DB /* EasyDrawTests */ = {
			isa = PBXNativeTarget;
			buildConfigurationList = FE1B9DE41D9C3DAF00CA90DB /* Build configuration list for PBXNativeTarget "EasyDrawTests" */;
			buildPhases = (
				FE1B9DD41D9C3DAF00CA90DB /* Sources */,
				FE1B9DD51D9C3DAF00CA90DB /* Frameworks */,
				FE1B9DD61D9C3DAF00CA90DB /* Resources */,
			);
			buildRules = (
			);
			dependencies = (
				FE1B9DDA1D9C3DAF00CA90DB /* PBXTargetDependency */,
			);
			name = EasyDrawTests;
			productName = EasyDrawTests;
			productReference = FE1B9DD81D9C3DAF00CA90DB /* EasyDrawTests.xctest */;
			productType = "com.apple.product-type.bundle.unit-test";
		};
/* End PBXNativeTarget section */

/* Begin PBXProject section */
		FE1B9DBC1D9C3DAF00CA90DB /* Project object */ = {
			isa = PBXProject;
			attributes = {
				LastSwiftUpdateCheck = 0720;
				LastUpgradeCheck = 0800;
				ORGANIZATIONNAME = saifjilani;
				TargetAttributes = {
					FE1B9DC31D9C3DAF00CA90DB = {
						CreatedOnToolsVersion = 7.2.1;
						DevelopmentTeam = KGCQQ6VC9N;
						LastSwiftMigration = 0800;
					};
					FE1B9DD71D9C3DAF00CA90DB = {
						CreatedOnToolsVersion = 7.2.1;
						LastSwiftMigration = 0800;
						TestTargetID = FE1B9DC31D9C3DAF00CA90DB;
					};
				};
			};
			buildConfigurationList = FE1B9DBF1D9C3DAF00CA90DB /* Build configuration list for PBXProject "EasyDraw" */;
			compatibilityVersion = "Xcode 3.2";
			developmentRegion = English;
			hasScannedForEncodings = 0;
			knownRegions = (
				en,
				Base,
			);
			mainGroup = FE1B9DBB1D9C3DAF00CA90DB;
			productRefGroup = FE1B9DC51D9C3DAF00CA90DB /* Products */;
			projectDirPath = "";
			projectRoot = "";
			targets = (
				FE1B9DC31D9C3DAF00CA90DB /* EasyDraw */,
				FE1B9DD71D9C3DAF00CA90DB /* EasyDrawTests */,
			);
		};
/* End PBXProject section */

/* Begin PBXResourcesBuildPhase section */
		FE1B9DC21D9C3DAF00CA90DB /* Resources */ = {
			isa = PBXResourcesBuildPhase;
			buildActionMask = 2147483647;
			files = (
				FE1B9DD21D9C3DAF00CA90DB /* LaunchScreen.storyboard in Resources */,
				FE1B9DCF1D9C3DAF00CA90DB /* Assets.xcassets in Resources */,
				FE1B9DCD1D9C3DAF00CA90DB /* Main.storyboard in Resources */,
			);
			runOnlyForDeploymentPostprocessing = 0;
		};
		FE1B9DD61D9C3DAF00CA90DB /* Resources */ = {
			isa = PBXResourcesBuildPhase;
			buildActionMask = 2147483647;
			files = (
			);
			runOnlyForDeploymentPostprocessing = 0;
		};
/* End PBXResourcesBuildPhase section */

/* Begin PBXSourcesBuildPhase section */
		FE1B9DC01D9C3DAF00CA90DB /* Sources */ = {
			isa = PBXSourcesBuildPhase;
			buildActionMask = 2147483647;
			files = (
				4C9C54881DD4161200768F00 /* CircleObject.swift in Sources */,
				4CE5CC3D1DD55F4D00299619 /* Smileobject.swift in Sources */,
				4CC2778C1DB0096700B31604 /* EditRotationViewController.swift in Sources */,
				D47F40691DB33C4A003BE8EF /* ViewController.swift in Sources */,
				4CE5CC351DD55B2300299619 /* CameraObject.swift in Sources */,
				4CE5CC311DD5584300299619 /* CloudObject.swift in Sources */,
				FE1B9DC81D9C3DAF00CA90DB /* AppDelegate.swift in Sources */,
				4CE5CC451DD57D0000299619 /* extensions.swift in Sources */,
				4CE5CC3F1DD570EB00299619 /* SunObject.swift in Sources */,
				4CE5CC391DD55C7600299619 /* WrenchObject.swift in Sources */,
				4CE5CC431DD575EF00299619 /* VehicleObject.swift in Sources */,
				4C9C54901DD4391D00768F00 /* LeftRightTriangle.swift in Sources */,
				4C9C548E1DD4365A00768F00 /* EquicruralTraingleObject.swift in Sources */,
				4CE5CC2C1DD5017A00299619 /* HeartObject.swift in Sources */,
				4C9C54981DD43E5300768F00 /* TrapezoidObject.swift in Sources */,
				4C7AF6CB1DAFF2B30042BB2E /* Constants.swift in Sources */,
				4C9C54941DD439DA00768F00 /* ArrowObject.swift in Sources */,
				4CE5CC331DD55A3B00299619 /* LightningObject.swift in Sources */,
				4CE5CC371DD55BD800299619 /* PhoneObject.swift in Sources */,
				4CE5CC411DD572ED00299619 /* PlaneObject.swift in Sources */,
				4C9C549A1DD4DF7400768F00 /* StarObject.swift in Sources */,
				4CE5CC2E1DD5077C00299619 /* UIBezierPath+.swift in Sources */,
				4C9C548A1DD4285400768F00 /* ObjectOnCanvas.swift in Sources */,
				4C9C548C1DD42DDC00768F00 /* RectObject.swift in Sources */,
				4CE5CC471DD69CDC00299619 /* PlaneObjectDetailViewController.swift in Sources */,
				4CE5CC261DD4F7C200299619 /* ParallelogramObject.swift in Sources */,
				4CE5CC2A1DD4FE6500299619 /* CrossObject.swift in Sources */,
				4C9C54921DD4393000768F00 /* RightRightTriangle.swift in Sources */,
				4CE5CC281DD4FC1300299619 /* HexagonObject.swift in Sources */,
				4CE5CC3B1DD55D5600299619 /* HouseObject.swift in Sources */,
			);
			runOnlyForDeploymentPostprocessing = 0;
		};
		FE1B9DD41D9C3DAF00CA90DB /* Sources */ = {
			isa = PBXSourcesBuildPhase;
			buildActionMask = 2147483647;
			files = (
				FE1B9DDD1D9C3DAF00CA90DB /* EasyDrawTests.swift in Sources */,
			);
			runOnlyForDeploymentPostprocessing = 0;
		};
/* End PBXSourcesBuildPhase section */

/* Begin PBXTargetDependency section */
		FE1B9DDA1D9C3DAF00CA90DB /* PBXTargetDependency */ = {
			isa = PBXTargetDependency;
			target = FE1B9DC31D9C3DAF00CA90DB /* EasyDraw */;
			targetProxy = FE1B9DD91D9C3DAF00CA90DB /* PBXContainerItemProxy */;
		};
/* End PBXTargetDependency section */

/* Begin PBXVariantGroup section */
		FE1B9DCB1D9C3DAF00CA90DB /* Main.storyboard */ = {
			isa = PBXVariantGroup;
			children = (
				FE1B9DCC1D9C3DAF00CA90DB /* Base */,
			);
			name = Main.storyboard;
			sourceTree = "<group>";
		};
		FE1B9DD01D9C3DAF00CA90DB /* LaunchScreen.storyboard */ = {
			isa = PBXVariantGroup;
			children = (
				FE1B9DD11D9C3DAF00CA90DB /* Base */,
			);
			name = LaunchScreen.storyboard;
			sourceTree = "<group>";
		};
/* End PBXVariantGroup section */

/* Begin XCBuildConfiguration section */
		FE1B9DDF1D9C3DAF00CA90DB /* Debug */ = {
			isa = XCBuildConfiguration;
			buildSettings = {
				ALWAYS_SEARCH_USER_PATHS = NO;
				CLANG_CXX_LANGUAGE_STANDARD = "gnu++0x";
				CLANG_CXX_LIBRARY = "libc++";
				CLANG_ENABLE_MODULES = YES;
				CLANG_ENABLE_OBJC_ARC = YES;
				CLANG_WARN_BOOL_CONVERSION = YES;
				CLANG_WARN_CONSTANT_CONVERSION = YES;
				CLANG_WARN_DIRECT_OBJC_ISA_USAGE = YES_ERROR;
				CLANG_WARN_EMPTY_BODY = YES;
				CLANG_WARN_ENUM_CONVERSION = YES;
				CLANG_WARN_INFINITE_RECURSION = YES;
				CLANG_WARN_INT_CONVERSION = YES;
				CLANG_WARN_OBJC_ROOT_CLASS = YES_ERROR;
				CLANG_WARN_SUSPICIOUS_MOVE = YES;
				CLANG_WARN_UNREACHABLE_CODE = YES;
				CLANG_WARN__DUPLICATE_METHOD_MATCH = YES;
				"CODE_SIGN_IDENTITY[sdk=iphoneos*]" = "iPhone Developer";
				COPY_PHASE_STRIP = NO;
				DEBUG_INFORMATION_FORMAT = dwarf;
				ENABLE_STRICT_OBJC_MSGSEND = YES;
				ENABLE_TESTABILITY = YES;
				GCC_C_LANGUAGE_STANDARD = gnu99;
				GCC_DYNAMIC_NO_PIC = NO;
				GCC_NO_COMMON_BLOCKS = YES;
				GCC_OPTIMIZATION_LEVEL = 0;
				GCC_PREPROCESSOR_DEFINITIONS = (
					"DEBUG=1",
					"$(inherited)",
				);
				GCC_WARN_64_TO_32_BIT_CONVERSION = YES;
				GCC_WARN_ABOUT_RETURN_TYPE = YES_ERROR;
				GCC_WARN_UNDECLARED_SELECTOR = YES;
				GCC_WARN_UNINITIALIZED_AUTOS = YES_AGGRESSIVE;
				GCC_WARN_UNUSED_FUNCTION = YES;
				GCC_WARN_UNUSED_VARIABLE = YES;
				IPHONEOS_DEPLOYMENT_TARGET = 9.2;
				MTL_ENABLE_DEBUG_INFO = YES;
				ONLY_ACTIVE_ARCH = YES;
				SDKROOT = iphoneos;
				SWIFT_OPTIMIZATION_LEVEL = "-Onone";
			};
			name = Debug;
		};
		FE1B9DE01D9C3DAF00CA90DB /* Release */ = {
			isa = XCBuildConfiguration;
			buildSettings = {
				ALWAYS_SEARCH_USER_PATHS = NO;
				CLANG_CXX_LANGUAGE_STANDARD = "gnu++0x";
				CLANG_CXX_LIBRARY = "libc++";
				CLANG_ENABLE_MODULES = YES;
				CLANG_ENABLE_OBJC_ARC = YES;
				CLANG_WARN_BOOL_CONVERSION = YES;
				CLANG_WARN_CONSTANT_CONVERSION = YES;
				CLANG_WARN_DIRECT_OBJC_ISA_USAGE = YES_ERROR;
				CLANG_WARN_EMPTY_BODY = YES;
				CLANG_WARN_ENUM_CONVERSION = YES;
				CLANG_WARN_INFINITE_RECURSION = YES;
				CLANG_WARN_INT_CONVERSION = YES;
				CLANG_WARN_OBJC_ROOT_CLASS = YES_ERROR;
				CLANG_WARN_SUSPICIOUS_MOVE = YES;
				CLANG_WARN_UNREACHABLE_CODE = YES;
				CLANG_WARN__DUPLICATE_METHOD_MATCH = YES;
				"CODE_SIGN_IDENTITY[sdk=iphoneos*]" = "iPhone Developer";
				COPY_PHASE_STRIP = NO;
				DEBUG_INFORMATION_FORMAT = "dwarf-with-dsym";
				ENABLE_NS_ASSERTIONS = NO;
				ENABLE_STRICT_OBJC_MSGSEND = YES;
				GCC_C_LANGUAGE_STANDARD = gnu99;
				GCC_NO_COMMON_BLOCKS = YES;
				GCC_WARN_64_TO_32_BIT_CONVERSION = YES;
				GCC_WARN_ABOUT_RETURN_TYPE = YES_ERROR;
				GCC_WARN_UNDECLARED_SELECTOR = YES;
				GCC_WARN_UNINITIALIZED_AUTOS = YES_AGGRESSIVE;
				GCC_WARN_UNUSED_FUNCTION = YES;
				GCC_WARN_UNUSED_VARIABLE = YES;
				IPHONEOS_DEPLOYMENT_TARGET = 9.2;
				MTL_ENABLE_DEBUG_INFO = NO;
				SDKROOT = iphoneos;
				SWIFT_OPTIMIZATION_LEVEL = "-Owholemodule";
				VALIDATE_PRODUCT = YES;
			};
			name = Release;
		};
		FE1B9DE21D9C3DAF00CA90DB /* Debug */ = {
			isa = XCBuildConfiguration;
			buildSettings = {
				ASSETCATALOG_COMPILER_APPICON_NAME = AppIcon;
				DEVELOPMENT_TEAM = KGCQQ6VC9N;
				INFOPLIST_FILE = EasyDraw/Info.plist;
				IPHONEOS_DEPLOYMENT_TARGET = 9.2;
				LD_RUNPATH_SEARCH_PATHS = "$(inherited) @executable_path/Frameworks";
				PRODUCT_BUNDLE_IDENTIFIER = com.EasyDraw;
				PRODUCT_NAME = "$(TARGET_NAME)";
				SWIFT_VERSION = 3.0;
				TARGETED_DEVICE_FAMILY = "1,2";
			};
			name = Debug;
		};
		FE1B9DE31D9C3DAF00CA90DB /* Release */ = {
			isa = XCBuildConfiguration;
			buildSettings = {
				ASSETCATALOG_COMPILER_APPICON_NAME = AppIcon;
				DEVELOPMENT_TEAM = KGCQQ6VC9N;
				INFOPLIST_FILE = EasyDraw/Info.plist;
				IPHONEOS_DEPLOYMENT_TARGET = 9.2;
				LD_RUNPATH_SEARCH_PATHS = "$(inherited) @executable_path/Frameworks";
				PRODUCT_BUNDLE_IDENTIFIER = com.EasyDraw;
				PRODUCT_NAME = "$(TARGET_NAME)";
				SWIFT_VERSION = 3.0;
				TARGETED_DEVICE_FAMILY = "1,2";
			};
			name = Release;
		};
		FE1B9DE51D9C3DAF00CA90DB /* Debug */ = {
			isa = XCBuildConfiguration;
			buildSettings = {
				BUNDLE_LOADER = "$(TEST_HOST)";
				INFOPLIST_FILE = EasyDrawTests/Info.plist;
				LD_RUNPATH_SEARCH_PATHS = "$(inherited) @executable_path/Frameworks @loader_path/Frameworks";
				PRODUCT_BUNDLE_IDENTIFIER = com.EasyDrawTests;
				PRODUCT_NAME = "$(TARGET_NAME)";
				SWIFT_VERSION = 3.0;
				TEST_HOST = "$(BUILT_PRODUCTS_DIR)/EasyDraw.app/EasyDraw";
			};
			name = Debug;
		};
		FE1B9DE61D9C3DAF00CA90DB /* Release */ = {
			isa = XCBuildConfiguration;
			buildSettings = {
				BUNDLE_LOADER = "$(TEST_HOST)";
				INFOPLIST_FILE = EasyDrawTests/Info.plist;
				LD_RUNPATH_SEARCH_PATHS = "$(inherited) @executable_path/Frameworks @loader_path/Frameworks";
				PRODUCT_BUNDLE_IDENTIFIER = com.EasyDrawTests;
				PRODUCT_NAME = "$(TARGET_NAME)";
				SWIFT_VERSION = 3.0;
				TEST_HOST = "$(BUILT_PRODUCTS_DIR)/EasyDraw.app/EasyDraw";
			};
			name = Release;
		};
/* End XCBuildConfiguration section */

/* Begin XCConfigurationList section */
		FE1B9DBF1D9C3DAF00CA90DB /* Build configuration list for PBXProject "EasyDraw" */ = {
			isa = XCConfigurationList;
			buildConfigurations = (
				FE1B9DDF1D9C3DAF00CA90DB /* Debug */,
				FE1B9DE01D9C3DAF00CA90DB /* Release */,
			);
			defaultConfigurationIsVisible = 0;
			defaultConfigurationName = Release;
		};
		FE1B9DE11D9C3DAF00CA90DB /* Build configuration list for PBXNativeTarget "EasyDraw" */ = {
			isa = XCConfigurationList;
			buildConfigurations = (
				FE1B9DE21D9C3DAF00CA90DB /* Debug */,
				FE1B9DE31D9C3DAF00CA90DB /* Release */,
			);
			defaultConfigurationIsVisible = 0;
			defaultConfigurationName = Release;
		};
		FE1B9DE41D9C3DAF00CA90DB /* Build configuration list for PBXNativeTarget "EasyDrawTests" */ = {
			isa = XCConfigurationList;
			buildConfigurations = (
				FE1B9DE51D9C3DAF00CA90DB /* Debug */,
				FE1B9DE61D9C3DAF00CA90DB /* Release */,
			);
			defaultConfigurationIsVisible = 0;
			defaultConfigurationName = Release;
		};
/* End XCConfigurationList section */
	};
	rootObject = FE1B9DBC1D9C3DAF00CA90DB /* Project object */;
}
